// !$*UTF8*$!
{
	archiveVersion = 1;
	classes = {
	};
	objectVersion = 56;
	objects = {

/* Begin PBXBuildFile section */
		54B1F0E2292562B9006DC6B4 /* sideMenu3App.swift in Sources */ = {isa = PBXBuildFile; fileRef = 54B1F0E1292562B9006DC6B4 /* sideMenu3App.swift */; };
		54B1F0E4292562B9006DC6B4 /* MotherView.swift in Sources */ = {isa = PBXBuildFile; fileRef = 54B1F0E3292562B9006DC6B4 /* MotherView.swift */; };
		54B1F0E6292562BB006DC6B4 /* Assets.xcassets in Resources */ = {isa = PBXBuildFile; fileRef = 54B1F0E5292562BB006DC6B4 /* Assets.xcassets */; };
		54B1F0E9292562BB006DC6B4 /* Preview Assets.xcassets in Resources */ = {isa = PBXBuildFile; fileRef = 54B1F0E8292562BB006DC6B4 /* Preview Assets.xcassets */; };
		54B1F0F2292564B9006DC6B4 /* MenuView.swift in Sources */ = {isa = PBXBuildFile; fileRef = 54B1F0F1292564B9006DC6B4 /* MenuView.swift */; };
		54B1F0FB292A7AB9006DC6B4 /* ViewRouter.swift in Sources */ = {isa = PBXBuildFile; fileRef = 54B1F0FA292A7AB9006DC6B4 /* ViewRouter.swift */; };
		54B1F0FF292A7BA0006DC6B4 /* Helper.swift in Sources */ = {isa = PBXBuildFile; fileRef = 54B1F0FE292A7BA0006DC6B4 /* Helper.swift */; };
		54B1F101292A7C41006DC6B4 /* ContentViewA.swift in Sources */ = {isa = PBXBuildFile; fileRef = 54B1F100292A7C41006DC6B4 /* ContentViewA.swift */; };
		54B1F103292A7C57006DC6B4 /* ContentViewB.swift in Sources */ = {isa = PBXBuildFile; fileRef = 54B1F102292A7C57006DC6B4 /* ContentViewB.swift */; };
/* End PBXBuildFile section */

/* Begin PBXFileReference section */
		54B1F0DE292562B9006DC6B4 /* sideMenu3.app */ = {isa = PBXFileReference; explicitFileType = wrapper.application; includeInIndex = 0; path = sideMenu3.app; sourceTree = BUILT_PRODUCTS_DIR; };
		54B1F0E1292562B9006DC6B4 /* sideMenu3App.swift */ = {isa = PBXFileReference; lastKnownFileType = sourcecode.swift; path = sideMenu3App.swift; sourceTree = "<group>"; };
		54B1F0E3292562B9006DC6B4 /* MotherView.swift */ = {isa = PBXFileReference; lastKnownFileType = sourcecode.swift; path = MotherView.swift; sourceTree = "<group>"; };
		54B1F0E5292562BB006DC6B4 /* Assets.xcassets */ = {isa = PBXFileReference; lastKnownFileType = folder.assetcatalog; path = Assets.xcassets; sourceTree = "<group>"; };
		54B1F0E8292562BB006DC6B4 /* Preview Assets.xcassets */ = {isa = PBXFileReference; lastKnownFileType = folder.assetcatalog; path = "Preview Assets.xcassets"; sourceTree = "<group>"; };
		54B1F0F1292564B9006DC6B4 /* MenuView.swift */ = {isa = PBXFileReference; lastKnownFileType = sourcecode.swift; path = MenuView.swift; sourceTree = "<group>"; };
		54B1F0FA292A7AB9006DC6B4 /* ViewRouter.swift */ = {isa = PBXFileReference; lastKnownFileType = sourcecode.swift; path = ViewRouter.swift; sourceTree = "<group>"; };
		54B1F0FE292A7BA0006DC6B4 /* Helper.swift */ = {isa = PBXFileReference; lastKnownFileType = sourcecode.swift; path = Helper.swift; sourceTree = "<group>"; };
		54B1F100292A7C41006DC6B4 /* ContentViewA.swift */ = {isa = PBXFileReference; lastKnownFileType = sourcecode.swift; path = ContentViewA.swift; sourceTree = "<group>"; };
		54B1F102292A7C57006DC6B4 /* ContentViewB.swift */ = {isa = PBXFileReference; lastKnownFileType = sourcecode.swift; path = ContentViewB.swift; sourceTree = "<group>"; };
/* End PBXFileReference section */

/* Begin PBXFrameworksBuildPhase section */
		54B1F0DB292562B9006DC6B4 /* Frameworks */ = {
			isa = PBXFrameworksBuildPhase;
			buildActionMask = 2147483647;
			files = (
			);
			runOnlyForDeploymentPostprocessing = 0;
		};
/* End PBXFrameworksBuildPhase section */

/* Begin PBXGroup section */
		54B1F0D5292562B9006DC6B4 = {
			isa = PBXGroup;
			children = (
				54B1F0E0292562B9006DC6B4 /* sideMenu3 */,
				54B1F0DF292562B9006DC6B4 /* Products */,
			);
			sourceTree = "<group>";
		};
		54B1F0DF292562B9006DC6B4 /* Products */ = {
			isa = PBXGroup;
			children = (
				54B1F0DE292562B9006DC6B4 /* sideMenu3.app */,
			);
			name = Products;
			sourceTree = "<group>";
		};
		54B1F0E0292562B9006DC6B4 /* sideMenu3 */ = {
			isa = PBXGroup;
			children = (
				54B1F0E1292562B9006DC6B4 /* sideMenu3App.swift */,
				54B1F0E3292562B9006DC6B4 /* MotherView.swift */,
				54B1F102292A7C57006DC6B4 /* ContentViewB.swift */,
				54B1F100292A7C41006DC6B4 /* ContentViewA.swift */,
				54B1F0FE292A7BA0006DC6B4 /* Helper.swift */,
				54B1F0FA292A7AB9006DC6B4 /* ViewRouter.swift */,
				54B1F0F1292564B9006DC6B4 /* MenuView.swift */,
				54B1F0E5292562BB006DC6B4 /* Assets.xcassets */,
				54B1F0E7292562BB006DC6B4 /* Preview Content */,
			);
			path = sideMenu3;
			sourceTree = "<group>";
		};
		54B1F0E7292562BB006DC6B4 /* Preview Content */ = {
			isa = PBXGroup;
			children = (
				54B1F0E8292562BB006DC6B4 /* Preview Assets.xcassets */,
			);
			path = "Preview Content";
			sourceTree = "<group>";
		};
/* End PBXGroup section */

/* Begin PBXNativeTarget section */
		54B1F0DD292562B9006DC6B4 /* sideMenu3 */ = {
			isa = PBXNativeTarget;
			buildConfigurationList = 54B1F0EC292562BB006DC6B4 /* Build configuration list for PBXNativeTarget "sideMenu3" */;
			buildPhases = (
				54B1F0DA292562B9006DC6B4 /* Sources */,
				54B1F0DB292562B9006DC6B4 /* Frameworks */,
				54B1F0DC292562B9006DC6B4 /* Resources */,
			);
			buildRules = (
			);
			dependencies = (
			);
			name = sideMenu3;
			productName = sideMenu3;
			productReference = 54B1F0DE292562B9006DC6B4 /* sideMenu3.app */;
			productType = "com.apple.product-type.application";
		};
/* End PBXNativeTarget section */

/* Begin PBXProject section */
		54B1F0D6292562B9006DC6B4 /* Project object */ = {
			isa = PBXProject;
			attributes = {
				BuildIndependentTargetsInParallel = 1;
				LastSwiftUpdateCheck = 1410;
				LastUpgradeCheck = 1410;
				TargetAttributes = {
					54B1F0DD292562B9006DC6B4 = {
						CreatedOnToolsVersion = 14.1;
					};
				};
			};
			buildConfigurationList = 54B1F0D9292562B9006DC6B4 /* Build configuration list for PBXProject "sideMenu3" */;
			compatibilityVersion = "Xcode 14.0";
			developmentRegion = en;
			hasScannedForEncodings = 0;
			knownRegions = (
				en,
				Base,
			);
			mainGroup = 54B1F0D5292562B9006DC6B4;
			productRefGroup = 54B1F0DF292562B9006DC6B4 /* Products */;
			projectDirPath = "";
			projectRoot = "";
			targets = (
				54B1F0DD292562B9006DC6B4 /* sideMenu3 */,
			);
		};
/* End PBXProject section */

/* Begin PBXResourcesBuildPhase section */
		54B1F0DC292562B9006DC6B4 /* Resources */ = {
			isa = PBXResourcesBuildPhase;
			buildActionMask = 2147483647;
			files = (
				54B1F0E9292562BB006DC6B4 /* Preview Assets.xcassets in Resources */,
				54B1F0E6292562BB006DC6B4 /* Assets.xcassets in Resources */,
			);
			runOnlyForDeploymentPostprocessing = 0;
		};
/* End PBXResourcesBuildPhase section */

/* Begin PBXSourcesBuildPhase section */
		54B1F0DA292562B9006DC6B4 /* Sources */ = {
			isa = PBXSourcesBuildPhase;
			buildActionMask = 2147483647;
			files = (
				54B1F0E4292562B9006DC6B4 /* MotherView.swift in Sources */,
				54B1F0F2292564B9006DC6B4 /* MenuView.swift in Sources */,
				54B1F101292A7C41006DC6B4 /* ContentViewA.swift in Sources */,
				54B1F0FF292A7BA0006DC6B4 /* Helper.swift in Sources */,
				54B1F0E2292562B9006DC6B4 /* sideMenu3App.swift in Sources */,
				54B1F103292A7C57006DC6B4 /* ContentViewB.swift in Sources */,
				54B1F0FB292A7AB9006DC6B4 /* ViewRouter.swift in Sources */,
			);
			runOnlyForDeploymentPostprocessing = 0;
		};
/* End PBXSourcesBuildPhase section */

/* Begin XCBuildConfiguration section */
		54B1F0EA292562BB006DC6B4 /* Debug */ = {
			isa = XCBuildConfiguration;
			buildSettings = {
				ALWAYS_SEARCH_USER_PATHS = NO;
				CLANG_ANALYZER_NONNULL = YES;
				CLANG_ANALYZER_NUMBER_OBJECT_CONVERSION = YES_AGGRESSIVE;
				CLANG_CXX_LANGUAGE_STANDARD = "gnu++20";
				CLANG_ENABLE_MODULES = YES;
				CLANG_ENABLE_OBJC_ARC = YES;
				CLANG_ENABLE_OBJC_WEAK = YES;
				CLANG_WARN_BLOCK_CAPTURE_AUTORELEASING = YES;
				CLANG_WARN_BOOL_CONVERSION = YES;
				CLANG_WARN_COMMA = YES;
				CLANG_WARN_CONSTANT_CONVERSION = YES;
				CLANG_WARN_DEPRECATED_OBJC_IMPLEMENTATIONS = YES;
				CLANG_WARN_DIRECT_OBJC_ISA_USAGE = YES_ERROR;
				CLANG_WARN_DOCUMENTATION_COMMENTS = YES;
				CLANG_WARN_EMPTY_BODY = YES;
				CLANG_WARN_ENUM_CONVERSION = YES;
				CLANG_WARN_INFINITE_RECURSION = YES;
				CLANG_WARN_INT_CONVERSION = YES;
				CLANG_WARN_NON_LITERAL_NULL_CONVERSION = YES;
				CLANG_WARN_OBJC_IMPLICIT_RETAIN_SELF = YES;
				CLANG_WARN_OBJC_LITERAL_CONVERSION = YES;
				CLANG_WARN_OBJC_ROOT_CLASS = YES_ERROR;
				CLANG_WARN_QUOTED_INCLUDE_IN_FRAMEWORK_HEADER = YES;
				CLANG_WARN_RANGE_LOOP_ANALYSIS = YES;
				CLANG_WARN_STRICT_PROTOTYPES = YES;
				CLANG_WARN_SUSPICIOUS_MOVE = YES;
				CLANG_WARN_UNGUARDED_AVAILABILITY = YES_AGGRESSIVE;
				CLANG_WARN_UNREACHABLE_CODE = YES;
				CLANG_WARN__DUPLICATE_METHOD_MATCH = YES;
				COPY_PHASE_STRIP = NO;
				DEBUG_INFORMATION_FORMAT = dwarf;
				ENABLE_STRICT_OBJC_MSGSEND = YES;
				ENABLE_TESTABILITY = YES;
				GCC_C_LANGUAGE_STANDARD = gnu11;
				GCC_DYNAMIC_NO_PIC = NO;
				GCC_NO_COMMON_BLOCKS = YES;
				GCC_OPTIMIZATION_LEVEL = 0;
				GCC_PREPROCESSOR_DEFINITIONS = (
					"DEBUG=1",
					"$(inherited)",
				);
				GCC_WARN_64_TO_32_BIT_CONVERSION = YES;
				GCC_WARN_ABOUT_RETURN_TYPE = YES_ERROR;
				GCC_WARN_UNDECLARED_SELECTOR = YES;
				GCC_WARN_UNINITIALIZED_AUTOS = YES_AGGRESSIVE;
				GCC_WARN_UNUSED_FUNCTION = YES;
				GCC_WARN_UNUSED_VARIABLE = YES;
				IPHONEOS_DEPLOYMENT_TARGET = 16.1;
				MTL_ENABLE_DEBUG_INFO = INCLUDE_SOURCE;
				MTL_FAST_MATH = YES;
				ONLY_ACTIVE_ARCH = YES;
				SDKROOT = iphoneos;
				SWIFT_ACTIVE_COMPILATION_CONDITIONS = DEBUG;
				SWIFT_OPTIMIZATION_LEVEL = "-Onone";
			};
			name = Debug;
		};
		54B1F0EB292562BB006DC6B4 /* Release */ = {
			isa = XCBuildConfiguration;
			buildSettings = {
				ALWAYS_SEARCH_USER_PATHS = NO;
				CLANG_ANALYZER_NONNULL = YES;
				CLANG_ANALYZER_NUMBER_OBJECT_CONVERSION = YES_AGGRESSIVE;
				CLANG_CXX_LANGUAGE_STANDARD = "gnu++20";
				CLANG_ENABLE_MODULES = YES;
				CLANG_ENABLE_OBJC_ARC = YES;
				CLANG_ENABLE_OBJC_WEAK = YES;
				CLANG_WARN_BLOCK_CAPTURE_AUTORELEASING = YES;
				CLANG_WARN_BOOL_CONVERSION = YES;
				CLANG_WARN_COMMA = YES;
				CLANG_WARN_CONSTANT_CONVERSION = YES;
				CLANG_WARN_DEPRECATED_OBJC_IMPLEMENTATIONS = YES;
				CLANG_WARN_DIRECT_OBJC_ISA_USAGE = YES_ERROR;
				CLANG_WARN_DOCUMENTATION_COMMENTS = YES;
				CLANG_WARN_EMPTY_BODY = YES;
				CLANG_WARN_ENUM_CONVERSION = YES;
				CLANG_WARN_INFINITE_RECURSION = YES;
				CLANG_WARN_INT_CONVERSION = YES;
				CLANG_WARN_NON_LITERAL_NULL_CONVERSION = YES;
				CLANG_WARN_OBJC_IMPLICIT_RETAIN_SELF = YES;
				CLANG_WARN_OBJC_LITERAL_CONVERSION = YES;
				CLANG_WARN_OBJC_ROOT_CLASS = YES_ERROR;
				CLANG_WARN_QUOTED_INCLUDE_IN_FRAMEWORK_HEADER = YES;
				CLANG_WARN_RANGE_LOOP_ANALYSIS = YES;
				CLANG_WARN_STRICT_PROTOTYPES = YES;
				CLANG_WARN_SUSPICIOUS_MOVE = YES;
				CLANG_WARN_UNGUARDED_AVAILABILITY = YES_AGGRESSIVE;
				CLANG_WARN_UNREACHABLE_CODE = YES;
				CLANG_WARN__DUPLICATE_METHOD_MATCH = YES;
				COPY_PHASE_STRIP = NO;
				DEBUG_INFORMATION_FORMAT = "dwarf-with-dsym";
				ENABLE_NS_ASSERTIONS = NO;
				ENABLE_STRICT_OBJC_MSGSEND = YES;
				GCC_C_LANGUAGE_STANDARD = gnu11;
				GCC_NO_COMMON_BLOCKS = YES;
				GCC_WARN_64_TO_32_BIT_CONVERSION = YES;
				GCC_WARN_ABOUT_RETURN_TYPE = YES_ERROR;
				GCC_WARN_UNDECLARED_SELECTOR = YES;
				GCC_WARN_UNINITIALIZED_AUTOS = YES_AGGRESSIVE;
				GCC_WARN_UNUSED_FUNCTION = YES;
				GCC_WARN_UNUSED_VARIABLE = YES;
				IPHONEOS_DEPLOYMENT_TARGET = 16.1;
				MTL_ENABLE_DEBUG_INFO = NO;
				MTL_FAST_MATH = YES;
				SDKROOT = iphoneos;
				SWIFT_COMPILATION_MODE = wholemodule;
				SWIFT_OPTIMIZATION_LEVEL = "-O";
				VALIDATE_PRODUCT = YES;
			};
			name = Release;
		};
		54B1F0ED292562BB006DC6B4 /* Debug */ = {
			isa = XCBuildConfiguration;
			buildSettings = {
				ASSETCATALOG_COMPILER_APPICON_NAME = AppIcon;
				ASSETCATALOG_COMPILER_GLOBAL_ACCENT_COLOR_NAME = AccentColor;
				CODE_SIGN_STYLE = Automatic;
				CURRENT_PROJECT_VERSION = 1;
				DEVELOPMENT_ASSET_PATHS = "\"sideMenu3/Preview Content\"";
				DEVELOPMENT_TEAM = M7PSKNX3P5;
				ENABLE_PREVIEWS = YES;
				GENERATE_INFOPLIST_FILE = YES;
				INFOPLIST_KEY_UIApplicationSceneManifest_Generation = YES;
				INFOPLIST_KEY_UIApplicationSupportsIndirectInputEvents = YES;
				INFOPLIST_KEY_UILaunchScreen_Generation = YES;
				INFOPLIST_KEY_UISupportedInterfaceOrientations_iPad = "UIInterfaceOrientationPortrait UIInterfaceOrientationPortraitUpsideDown UIInterfaceOrientationLandscapeLeft UIInterfaceOrientationLandscapeRight";
				INFOPLIST_KEY_UISupportedInterfaceOrientations_iPhone = "UIInterfaceOrientationPortrait UIInterfaceOrientationLandscapeLeft UIInterfaceOrientationLandscapeRight";
				LD_RUNPATH_SEARCH_PATHS = (
					"$(inherited)",
					"@executable_path/Frameworks",
				);
				MARKETING_VERSION = 1.0;
				PRODUCT_BUNDLE_IDENTIFIER = "nael.showaikh-gmail.com.sideMenu3";
				PRODUCT_NAME = "$(TARGET_NAME)";
				SWIFT_EMIT_LOC_STRINGS = YES;
				SWIFT_VERSION = 5.0;
				TARGETED_DEVICE_FAMILY = "1,2";
			};
			name = Debug;
		};
		54B1F0EE292562BB006DC6B4 /* Release */ = {
			isa = XCBuildConfiguration;
			buildSettings = {
				ASSETCATALOG_COMPILER_APPICON_NAME = AppIcon;
				ASSETCATALOG_COMPILER_GLOBAL_ACCENT_COLOR_NAME = AccentColor;
				CODE_SIGN_STYLE = Automatic;
				CURRENT_PROJECT_VERSION = 1;
				DEVELOPMENT_ASSET_PATHS = "\"sideMenu3/Preview Content\"";
				DEVELOPMENT_TEAM = M7PSKNX3P5;
				ENABLE_PREVIEWS = YES;
				GENERATE_INFOPLIST_FILE = YES;
				INFOPLIST_KEY_UIApplicationSceneManifest_Generation = YES;
				INFOPLIST_KEY_UIApplicationSupportsIndirectInputEvents = YES;
				INFOPLIST_KEY_UILaunchScreen_Generation = YES;
				INFOPLIST_KEY_UISupportedInterfaceOrientations_iPad = "UIInterfaceOrientationPortrait UIInterfaceOrientationPortraitUpsideDown UIInterfaceOrientationLandscapeLeft UIInterfaceOrientationLandscapeRight";
				INFOPLIST_KEY_UISupportedInterfaceOrientations_iPhone = "UIInterfaceOrientationPortrait UIInterfaceOrientationLandscapeLeft UIInterfaceOrientationLandscapeRight";
				LD_RUNPATH_SEARCH_PATHS = (
					"$(inherited)",
					"@executable_path/Frameworks",
				);
				MARKETING_VERSION = 1.0;
				PRODUCT_BUNDLE_IDENTIFIER = "nael.showaikh-gmail.com.sideMenu3";
				PRODUCT_NAME = "$(TARGET_NAME)";
				SWIFT_EMIT_LOC_STRINGS = YES;
				SWIFT_VERSION = 5.0;
				TARGETED_DEVICE_FAMILY = "1,2";
			};
			name = Release;
		};
/* End XCBuildConfiguration section */

/* Begin XCConfigurationList section */
		54B1F0D9292562B9006DC6B4 /* Build configuration list for PBXProject "sideMenu3" */ = {
			isa = XCConfigurationList;
			buildConfigurations = (
				54B1F0EA292562BB006DC6B4 /* Debug */,
				54B1F0EB292562BB006DC6B4 /* Release */,
			);
			defaultConfigurationIsVisible = 0;
			defaultConfigurationName = Release;
		};
		54B1F0EC292562BB006DC6B4 /* Build configuration list for PBXNativeTarget "sideMenu3" */ = {
			isa = XCConfigurationList;
			buildConfigurations = (
				54B1F0ED292562BB006DC6B4 /* Debug */,
				54B1F0EE292562BB006DC6B4 /* Release */,
			);
			defaultConfigurationIsVisible = 0;
			defaultConfigurationName = Release;
		};
/* End XCConfigurationList section */
	};
	rootObject = 54B1F0D6292562B9006DC6B4 /* Project object */;
}
